lockfileVersion: "9.0"

settings:
  autoInstallPeers: true
  excludeLinksFromLockfile: false

importers:
  .:
    dependencies:
      react:
        specifier: ^19.2.0
        version: 19.2.0
    devDependencies:
      heeler:
        specifier: ^4.0.4
        version: 4.0.4
      husky:
        specifier: ^9.1.7
        version: 9.1.7
      prettier:
        specifier: ^3.6.2
        version: 3.6.2
      pretty-quick:
        specifier: ^4.2.2
        version: 4.2.2(prettier@3.6.2)
      typescript:
        specifier: ^5.9.3
        version: 5.9.3

packages:
  "@pkgr/core@0.2.9":
    resolution:
      {
        integrity: sha512-QNqXyfVS2wm9hweSYD2O7F0G06uurj9kZ96TRQE5Y9hU7+tgdZwIkbAKc5Ocy1HxEY2kuDQa6cQ1WRs/O5LFKA==,
      }
    engines: { node: ^12.20.0 || ^14.18.0 || >=16.0.0 }

  heeler@4.0.4:
    resolution:
      {
        integrity: sha512-to5dNnuxJFXEmIX7rGwhSCsVYFIWA+hUBx7pPTDA9L0XgeXirPMJGbal2YnBlEPWsyYNSoLi4lhnShI2MyTTgA==,
      }
    hasBin: true

  husky@9.1.7:
    resolution:
      {
        integrity: sha512-5gs5ytaNjBrh5Ow3zrvdUUY+0VxIuWVL4i9irt6friV+BqdCfmV11CQTWMiBYWHbXhco+J1kHfTOUkePhCDvMA==,
      }
    engines: { node: ">=18" }
    hasBin: true

  ignore@7.0.5:
    resolution:
      {
        integrity: sha512-Hs59xBNfUIunMFgWAbGX5cq6893IbWg4KnrjbYwX3tx0ztorVgTDA6B2sxf8ejHJ4wz8BqGUMYlnzNBer5NvGg==,
      }
    engines: { node: ">= 4" }

  mri@1.2.0:
    resolution:
      {
        integrity: sha512-tzzskb3bG8LvYGFF/mDTpq3jpI6Q9wc3LEmBaghu+DdCssd1FakN7Bc0hVNmEyGq1bq3RgfkCb3cmQLpNPOroA==,
      }
    engines: { node: ">=4" }

  picocolors@1.1.1:
    resolution:
      {
        integrity: sha512-xceH2snhtb5M9liqDsmEw56le376mTZkEX/jEb/RxNFyegNul7eNslCXP9FDj/Lcu0X8KEyMceP2ntpaHrDEVA==,
      }

  picomatch@4.0.3:
    resolution:
      {
        integrity: sha512-5gTmgEY/sqK6gFXLIsQNH19lWb4ebPDLA4SdLP7dsWkIXHWlG66oPuVvXSGFPppYZz8ZDZq0dYYrbHfBCVUb1Q==,
      }
    engines: { node: ">=12" }

  prettier@3.6.2:
    resolution:
      {
        integrity: sha512-I7AIg5boAr5R0FFtJ6rCfD+LFsWHp81dolrFD8S79U9tb8Az2nGrJncnMSnys+bpQJfRUzqs9hnA81OAA3hCuQ==,
      }
    engines: { node: ">=14" }
    hasBin: true

  pretty-quick@4.2.2:
    resolution:
      {
        integrity: sha512-uAh96tBW1SsD34VhhDmWuEmqbpfYc/B3j++5MC/6b3Cb8Ow7NJsvKFhg0eoGu2xXX+o9RkahkTK6sUdd8E7g5w==,
      }
    engines: { node: ">=14" }
    hasBin: true
    peerDependencies:
      prettier: ^3.0.0

  react@19.2.0:
    resolution:
      {
        integrity: sha512-tmbWg6W31tQLeB5cdIBOicJDJRR2KzXsV7uSK9iNfLWQ5bIZfxuPEHp7M8wiHyHnn0DD1i7w3Zmin0FtkrwoCQ==,
      }
    engines: { node: ">=0.10.0" }

  tinyexec@0.3.2:
    resolution:
      {
        integrity: sha512-KQQR9yN7R5+OSwaK0XQoj22pwHoTlgYqmUscPYoknOoWCWfj/5/ABTMRi69FrKU5ffPVh5QcFikpWJI/P1ocHA==,
      }

  tslib@2.8.1:
    resolution:
      {
        integrity: sha512-oJFu94HQb+KVduSUQL7wnpmqnfmLsOA/nAh6b6EH0wCEoK0/mPeXU6c3wKDV83MkOuHPRHtSXKKU99IBazS/2w==,
      }

  typescript@5.9.3:
    resolution:
      {
        integrity: sha512-jl1vZzPDinLr9eUt3J/t7V6FgNEw9QjvBPdysz9KfQDD41fQrC2Y4vKQdiaUpFT4bXlb1RHhLpp8wtm6M5TgSw==,
      }
    engines: { node: ">=14.17" }
    hasBin: true

snapshots:
  "@pkgr/core@0.2.9": {}

  heeler@4.0.4: {}

  husky@9.1.7: {}

  ignore@7.0.5: {}

  mri@1.2.0: {}

  picocolors@1.1.1: {}

  picomatch@4.0.3: {}

  prettier@3.6.2: {}

  pretty-quick@4.2.2(prettier@3.6.2):
    dependencies:
      "@pkgr/core": 0.2.9
      ignore: 7.0.5
      mri: 1.2.0
      picocolors: 1.1.1
      picomatch: 4.0.3
      prettier: 3.6.2
      tinyexec: 0.3.2
      tslib: 2.8.1

  react@19.2.0: {}

  tinyexec@0.3.2: {}

  tslib@2.8.1: {}

  typescript@5.9.3: {}
